// !$*UTF8*$!
{
	archiveVersion = 1;
	classes = {
	};
	objectVersion = 56;
	objects = {

/* Begin PBXBuildFile section */
		5367E7FE2BD409D300151171 /* YrtOSApp.swift in Sources */ = {isa = PBXBuildFile; fileRef = 5367E7FD2BD409D300151171 /* YrtOSApp.swift */; };
		5367E8002BD409D300151171 /* ContentView.swift in Sources */ = {isa = PBXBuildFile; fileRef = 5367E7FF2BD409D300151171 /* ContentView.swift */; };
		5367E8042BD409D400151171 /* Assets.xcassets in Resources */ = {isa = PBXBuildFile; fileRef = 5367E8032BD409D400151171 /* Assets.xcassets */; };
		5367E8072BD409D400151171 /* Preview Assets.xcassets in Resources */ = {isa = PBXBuildFile; fileRef = 5367E8062BD409D400151171 /* Preview Assets.xcassets */; };
		5367E8122BD409D400151171 /* YrtOSTests.swift in Sources */ = {isa = PBXBuildFile; fileRef = 5367E8112BD409D400151171 /* YrtOSTests.swift */; };
		5367E81C2BD409D400151171 /* YrtOSUITests.swift in Sources */ = {isa = PBXBuildFile; fileRef = 5367E81B2BD409D400151171 /* YrtOSUITests.swift */; };
		5367E81E2BD409D400151171 /* YrtOSUITestsLaunchTests.swift in Sources */ = {isa = PBXBuildFile; fileRef = 5367E81D2BD409D400151171 /* YrtOSUITestsLaunchTests.swift */; };
		537EDEDE2BDD34C9004F6F9E /* .swift-format in Resources */ = {isa = PBXBuildFile; fileRef = 537EDEDD2BDD34C9004F6F9E /* .swift-format */; };
		53D967902BD7C18100CC3D2A /* ControlBarView.swift in Sources */ = {isa = PBXBuildFile; fileRef = 53D9678F2BD7C18100CC3D2A /* ControlBarView.swift */; };
		53DE935D2BD848180028A6F0 /* ButtonStyle.swift in Sources */ = {isa = PBXBuildFile; fileRef = 53DE935C2BD848180028A6F0 /* ButtonStyle.swift */; };
/* End PBXBuildFile section */

/* Begin PBXContainerItemProxy section */
		5367E80E2BD409D400151171 /* PBXContainerItemProxy */ = {
			isa = PBXContainerItemProxy;
			containerPortal = 5367E7F22BD409D300151171 /* Project object */;
			proxyType = 1;
			remoteGlobalIDString = 5367E7F92BD409D300151171;
			remoteInfo = YrtOS;
		};
		5367E8182BD409D400151171 /* PBXContainerItemProxy */ = {
			isa = PBXContainerItemProxy;
			containerPortal = 5367E7F22BD409D300151171 /* Project object */;
			proxyType = 1;
			remoteGlobalIDString = 5367E7F92BD409D300151171;
			remoteInfo = YrtOS;
		};
/* End PBXContainerItemProxy section */

/* Begin PBXFileReference section */
		5367E7FA2BD409D300151171 /* YrtOS.app */ = {isa = PBXFileReference; explicitFileType = wrapper.application; includeInIndex = 0; path = YrtOS.app; sourceTree = BUILT_PRODUCTS_DIR; };
		5367E7FD2BD409D300151171 /* YrtOSApp.swift */ = {isa = PBXFileReference; lastKnownFileType = sourcecode.swift; path = YrtOSApp.swift; sourceTree = "<group>"; };
		5367E7FF2BD409D300151171 /* ContentView.swift */ = {isa = PBXFileReference; lastKnownFileType = sourcecode.swift; path = ContentView.swift; sourceTree = "<group>"; };
		5367E8032BD409D400151171 /* Assets.xcassets */ = {isa = PBXFileReference; lastKnownFileType = folder.assetcatalog; path = Assets.xcassets; sourceTree = "<group>"; };
		5367E8062BD409D400151171 /* Preview Assets.xcassets */ = {isa = PBXFileReference; lastKnownFileType = folder.assetcatalog; path = "Preview Assets.xcassets"; sourceTree = "<group>"; };
		5367E8082BD409D400151171 /* YrtOS.entitlements */ = {isa = PBXFileReference; lastKnownFileType = text.plist.entitlements; path = YrtOS.entitlements; sourceTree = "<group>"; };
		5367E80D2BD409D400151171 /* YrtOSTests.xctest */ = {isa = PBXFileReference; explicitFileType = wrapper.cfbundle; includeInIndex = 0; path = YrtOSTests.xctest; sourceTree = BUILT_PRODUCTS_DIR; };
		5367E8112BD409D400151171 /* YrtOSTests.swift */ = {isa = PBXFileReference; lastKnownFileType = sourcecode.swift; path = YrtOSTests.swift; sourceTree = "<group>"; };
		5367E8172BD409D400151171 /* YrtOSUITests.xctest */ = {isa = PBXFileReference; explicitFileType = wrapper.cfbundle; includeInIndex = 0; path = YrtOSUITests.xctest; sourceTree = BUILT_PRODUCTS_DIR; };
		5367E81B2BD409D400151171 /* YrtOSUITests.swift */ = {isa = PBXFileReference; lastKnownFileType = sourcecode.swift; path = YrtOSUITests.swift; sourceTree = "<group>"; };
		5367E81D2BD409D400151171 /* YrtOSUITestsLaunchTests.swift */ = {isa = PBXFileReference; lastKnownFileType = sourcecode.swift; path = YrtOSUITestsLaunchTests.swift; sourceTree = "<group>"; };
		5367E82A2BD40BC300151171 /* .gitignore */ = {isa = PBXFileReference; lastKnownFileType = text; path = .gitignore; sourceTree = "<group>"; };
		5367E82B2BD40C0700151171 /* README.md */ = {isa = PBXFileReference; lastKnownFileType = net.daringfireball.markdown; path = README.md; sourceTree = "<group>"; };
		537EDEDD2BDD34C9004F6F9E /* .swift-format */ = {isa = PBXFileReference; lastKnownFileType = text; path = ".swift-format"; sourceTree = "<group>"; };
		53D9678F2BD7C18100CC3D2A /* ControlBarView.swift */ = {isa = PBXFileReference; lastKnownFileType = sourcecode.swift; path = ControlBarView.swift; sourceTree = "<group>"; };
		53DE935C2BD848180028A6F0 /* ButtonStyle.swift */ = {isa = PBXFileReference; lastKnownFileType = sourcecode.swift; path = ButtonStyle.swift; sourceTree = "<group>"; };
/* End PBXFileReference section */

/* Begin PBXFrameworksBuildPhase section */
		5367E7F72BD409D300151171 /* Frameworks */ = {
			isa = PBXFrameworksBuildPhase;
			buildActionMask = 2147483647;
			files = (
			);
			runOnlyForDeploymentPostprocessing = 0;
		};
		5367E80A2BD409D400151171 /* Frameworks */ = {
			isa = PBXFrameworksBuildPhase;
			buildActionMask = 2147483647;
			files = (
			);
			runOnlyForDeploymentPostprocessing = 0;
		};
		5367E8142BD409D400151171 /* Frameworks */ = {
			isa = PBXFrameworksBuildPhase;
			buildActionMask = 2147483647;
			files = (
			);
			runOnlyForDeploymentPostprocessing = 0;
		};
/* End PBXFrameworksBuildPhase section */

/* Begin PBXGroup section */
		5367E7F12BD409D300151171 = {
			isa = PBXGroup;
			children = (
				5367E82B2BD40C0700151171 /* README.md */,
				5367E82A2BD40BC300151171 /* .gitignore */,
				537EDEDD2BDD34C9004F6F9E /* .swift-format */,
				5367E7FC2BD409D300151171 /* YrtOS */,
				5367E8102BD409D400151171 /* YrtOSTests */,
				5367E81A2BD409D400151171 /* YrtOSUITests */,
				5367E7FB2BD409D300151171 /* Products */,
			);
			sourceTree = "<group>";
		};
		5367E7FB2BD409D300151171 /* Products */ = {
			isa = PBXGroup;
			children = (
				5367E7FA2BD409D300151171 /* YrtOS.app */,
				5367E80D2BD409D400151171 /* YrtOSTests.xctest */,
				5367E8172BD409D400151171 /* YrtOSUITests.xctest */,
			);
			name = Products;
			sourceTree = "<group>";
		};
		5367E7FC2BD409D300151171 /* YrtOS */ = {
			isa = PBXGroup;
			children = (
				53D9678D2BD7C12D00CC3D2A /* View */,
				5367E7FD2BD409D300151171 /* YrtOSApp.swift */,
				5367E8032BD409D400151171 /* Assets.xcassets */,
				5367E8082BD409D400151171 /* YrtOS.entitlements */,
				5367E8052BD409D400151171 /* Preview Content */,
			);
			path = YrtOS;
			sourceTree = "<group>";
		};
		5367E8052BD409D400151171 /* Preview Content */ = {
			isa = PBXGroup;
			children = (
				5367E8062BD409D400151171 /* Preview Assets.xcassets */,
			);
			path = "Preview Content";
			sourceTree = "<group>";
		};
		5367E8102BD409D400151171 /* YrtOSTests */ = {
			isa = PBXGroup;
			children = (
				5367E8112BD409D400151171 /* YrtOSTests.swift */,
			);
			path = YrtOSTests;
			sourceTree = "<group>";
		};
		5367E81A2BD409D400151171 /* YrtOSUITests */ = {
			isa = PBXGroup;
			children = (
				5367E81B2BD409D400151171 /* YrtOSUITests.swift */,
				5367E81D2BD409D400151171 /* YrtOSUITestsLaunchTests.swift */,
			);
			path = YrtOSUITests;
			sourceTree = "<group>";
		};
		53D9678D2BD7C12D00CC3D2A /* View */ = {
			isa = PBXGroup;
			children = (
				53D967912BD7CE1500CC3D2A /* Styles */,
				53D9678E2BD7C14600CC3D2A /* Components */,
				5367E7FF2BD409D300151171 /* ContentView.swift */,
			);
			path = View;
			sourceTree = "<group>";
		};
		53D9678E2BD7C14600CC3D2A /* Components */ = {
			isa = PBXGroup;
			children = (
				53D9678F2BD7C18100CC3D2A /* ControlBarView.swift */,
			);
			path = Components;
			sourceTree = "<group>";
		};
		53D967912BD7CE1500CC3D2A /* Styles */ = {
			isa = PBXGroup;
			children = (
				53DE935C2BD848180028A6F0 /* ButtonStyle.swift */,
			);
			path = Styles;
			sourceTree = "<group>";
		};
/* End PBXGroup section */

/* Begin PBXNativeTarget section */
		5367E7F92BD409D300151171 /* YrtOS */ = {
			isa = PBXNativeTarget;
			buildConfigurationList = 5367E8212BD409D400151171 /* Build configuration list for PBXNativeTarget "YrtOS" */;
			buildPhases = (
				5367E7F62BD409D300151171 /* Sources */,
				5367E7F72BD409D300151171 /* Frameworks */,
				5367E7F82BD409D300151171 /* Resources */,
			);
			buildRules = (
			);
			dependencies = (
			);
			name = YrtOS;
			productName = YrtOS;
			productReference = 5367E7FA2BD409D300151171 /* YrtOS.app */;
			productType = "com.apple.product-type.application";
		};
		5367E80C2BD409D400151171 /* YrtOSTests */ = {
			isa = PBXNativeTarget;
			buildConfigurationList = 5367E8242BD409D400151171 /* Build configuration list for PBXNativeTarget "YrtOSTests" */;
			buildPhases = (
				5367E8092BD409D400151171 /* Sources */,
				5367E80A2BD409D400151171 /* Frameworks */,
				5367E80B2BD409D400151171 /* Resources */,
			);
			buildRules = (
			);
			dependencies = (
				5367E80F2BD409D400151171 /* PBXTargetDependency */,
			);
			name = YrtOSTests;
			productName = YrtOSTests;
			productReference = 5367E80D2BD409D400151171 /* YrtOSTests.xctest */;
			productType = "com.apple.product-type.bundle.unit-test";
		};
		5367E8162BD409D400151171 /* YrtOSUITests */ = {
			isa = PBXNativeTarget;
			buildConfigurationList = 5367E8272BD409D400151171 /* Build configuration list for PBXNativeTarget "YrtOSUITests" */;
			buildPhases = (
				5367E8132BD409D400151171 /* Sources */,
				5367E8142BD409D400151171 /* Frameworks */,
				5367E8152BD409D400151171 /* Resources */,
			);
			buildRules = (
			);
			dependencies = (
				5367E8192BD409D400151171 /* PBXTargetDependency */,
			);
			name = YrtOSUITests;
			productName = YrtOSUITests;
			productReference = 5367E8172BD409D400151171 /* YrtOSUITests.xctest */;
			productType = "com.apple.product-type.bundle.ui-testing";
		};
/* End PBXNativeTarget section */

/* Begin PBXProject section */
		5367E7F22BD409D300151171 /* Project object */ = {
			isa = PBXProject;
			attributes = {
				BuildIndependentTargetsInParallel = 1;
				LastSwiftUpdateCheck = 1530;
				LastUpgradeCheck = 1530;
				TargetAttributes = {
					5367E7F92BD409D300151171 = {
						CreatedOnToolsVersion = 15.3;
					};
					5367E80C2BD409D400151171 = {
						CreatedOnToolsVersion = 15.3;
						TestTargetID = 5367E7F92BD409D300151171;
					};
					5367E8162BD409D400151171 = {
						CreatedOnToolsVersion = 15.3;
						TestTargetID = 5367E7F92BD409D300151171;
					};
				};
			};
			buildConfigurationList = 5367E7F52BD409D300151171 /* Build configuration list for PBXProject "YrtOS" */;
			compatibilityVersion = "Xcode 14.0";
			developmentRegion = en;
			hasScannedForEncodings = 0;
			knownRegions = (
				en,
				Base,
			);
			mainGroup = 5367E7F12BD409D300151171;
			productRefGroup = 5367E7FB2BD409D300151171 /* Products */;
			projectDirPath = "";
			projectRoot = "";
			targets = (
				5367E7F92BD409D300151171 /* YrtOS */,
				5367E80C2BD409D400151171 /* YrtOSTests */,
				5367E8162BD409D400151171 /* YrtOSUITests */,
			);
		};
/* End PBXProject section */

/* Begin PBXResourcesBuildPhase section */
		5367E7F82BD409D300151171 /* Resources */ = {
			isa = PBXResourcesBuildPhase;
			buildActionMask = 2147483647;
			files = (
				5367E8072BD409D400151171 /* Preview Assets.xcassets in Resources */,
				537EDEDE2BDD34C9004F6F9E /* .swift-format in Resources */,
				5367E8042BD409D400151171 /* Assets.xcassets in Resources */,
			);
			runOnlyForDeploymentPostprocessing = 0;
		};
		5367E80B2BD409D400151171 /* Resources */ = {
			isa = PBXResourcesBuildPhase;
			buildActionMask = 2147483647;
			files = (
			);
			runOnlyForDeploymentPostprocessing = 0;
		};
		5367E8152BD409D400151171 /* Resources */ = {
			isa = PBXResourcesBuildPhase;
			buildActionMask = 2147483647;
			files = (
			);
			runOnlyForDeploymentPostprocessing = 0;
		};
/* End PBXResourcesBuildPhase section */

/* Begin PBXSourcesBuildPhase section */
		5367E7F62BD409D300151171 /* Sources */ = {
			isa = PBXSourcesBuildPhase;
			buildActionMask = 2147483647;
			files = (
				5367E8002BD409D300151171 /* ContentView.swift in Sources */,
				53DE935D2BD848180028A6F0 /* ButtonStyle.swift in Sources */,
				5367E7FE2BD409D300151171 /* YrtOSApp.swift in Sources */,
				53D967902BD7C18100CC3D2A /* ControlBarView.swift in Sources */,
			);
			runOnlyForDeploymentPostprocessing = 0;
		};
		5367E8092BD409D400151171 /* Sources */ = {
			isa = PBXSourcesBuildPhase;
			buildActionMask = 2147483647;
			files = (
				5367E8122BD409D400151171 /* YrtOSTests.swift in Sources */,
			);
			runOnlyForDeploymentPostprocessing = 0;
		};
		5367E8132BD409D400151171 /* Sources */ = {
			isa = PBXSourcesBuildPhase;
			buildActionMask = 2147483647;
			files = (
				5367E81E2BD409D400151171 /* YrtOSUITestsLaunchTests.swift in Sources */,
				5367E81C2BD409D400151171 /* YrtOSUITests.swift in Sources */,
			);
			runOnlyForDeploymentPostprocessing = 0;
		};
/* End PBXSourcesBuildPhase section */

/* Begin PBXTargetDependency section */
		5367E80F2BD409D400151171 /* PBXTargetDependency */ = {
			isa = PBXTargetDependency;
			target = 5367E7F92BD409D300151171 /* YrtOS */;
			targetProxy = 5367E80E2BD409D400151171 /* PBXContainerItemProxy */;
		};
		5367E8192BD409D400151171 /* PBXTargetDependency */ = {
			isa = PBXTargetDependency;
			target = 5367E7F92BD409D300151171 /* YrtOS */;
			targetProxy = 5367E8182BD409D400151171 /* PBXContainerItemProxy */;
		};
/* End PBXTargetDependency section */

/* Begin XCBuildConfiguration section */
		5367E81F2BD409D400151171 /* Debug */ = {
			isa = XCBuildConfiguration;
			buildSettings = {
				ALWAYS_SEARCH_USER_PATHS = NO;
				ASSETCATALOG_COMPILER_GENERATE_SWIFT_ASSET_SYMBOL_EXTENSIONS = YES;
				CLANG_ANALYZER_NONNULL = YES;
				CLANG_ANALYZER_NUMBER_OBJECT_CONVERSION = YES_AGGRESSIVE;
				CLANG_CXX_LANGUAGE_STANDARD = "gnu++20";
				CLANG_ENABLE_MODULES = YES;
				CLANG_ENABLE_OBJC_ARC = YES;
				CLANG_ENABLE_OBJC_WEAK = YES;
				CLANG_WARN_BLOCK_CAPTURE_AUTORELEASING = YES;
				CLANG_WARN_BOOL_CONVERSION = YES;
				CLANG_WARN_COMMA = YES;
				CLANG_WARN_CONSTANT_CONVERSION = YES;
				CLANG_WARN_DEPRECATED_OBJC_IMPLEMENTATIONS = YES;
				CLANG_WARN_DIRECT_OBJC_ISA_USAGE = YES_ERROR;
				CLANG_WARN_DOCUMENTATION_COMMENTS = YES;
				CLANG_WARN_EMPTY_BODY = YES;
				CLANG_WARN_ENUM_CONVERSION = YES;
				CLANG_WARN_INFINITE_RECURSION = YES;
				CLANG_WARN_INT_CONVERSION = YES;
				CLANG_WARN_NON_LITERAL_NULL_CONVERSION = YES;
				CLANG_WARN_OBJC_IMPLICIT_RETAIN_SELF = YES;
				CLANG_WARN_OBJC_LITERAL_CONVERSION = YES;
				CLANG_WARN_OBJC_ROOT_CLASS = YES_ERROR;
				CLANG_WARN_QUOTED_INCLUDE_IN_FRAMEWORK_HEADER = YES;
				CLANG_WARN_RANGE_LOOP_ANALYSIS = YES;
				CLANG_WARN_STRICT_PROTOTYPES = YES;
				CLANG_WARN_SUSPICIOUS_MOVE = YES;
				CLANG_WARN_UNGUARDED_AVAILABILITY = YES_AGGRESSIVE;
				CLANG_WARN_UNREACHABLE_CODE = YES;
				CLANG_WARN__DUPLICATE_METHOD_MATCH = YES;
				COPY_PHASE_STRIP = NO;
				DEBUG_INFORMATION_FORMAT = dwarf;
				ENABLE_STRICT_OBJC_MSGSEND = YES;
				ENABLE_TESTABILITY = YES;
				ENABLE_USER_SCRIPT_SANDBOXING = YES;
				GCC_C_LANGUAGE_STANDARD = gnu17;
				GCC_DYNAMIC_NO_PIC = NO;
				GCC_NO_COMMON_BLOCKS = YES;
				GCC_OPTIMIZATION_LEVEL = 0;
				GCC_PREPROCESSOR_DEFINITIONS = (
					"DEBUG=1",
					"$(inherited)",
				);
				GCC_WARN_64_TO_32_BIT_CONVERSION = YES;
				GCC_WARN_ABOUT_RETURN_TYPE = YES_ERROR;
				GCC_WARN_UNDECLARED_SELECTOR = YES;
				GCC_WARN_UNINITIALIZED_AUTOS = YES_AGGRESSIVE;
				GCC_WARN_UNUSED_FUNCTION = YES;
				GCC_WARN_UNUSED_VARIABLE = YES;
				LOCALIZATION_PREFERS_STRING_CATALOGS = YES;
				MACOSX_DEPLOYMENT_TARGET = 14.3;
				MTL_ENABLE_DEBUG_INFO = INCLUDE_SOURCE;
				MTL_FAST_MATH = YES;
				ONLY_ACTIVE_ARCH = YES;
				SDKROOT = macosx;
				SWIFT_ACTIVE_COMPILATION_CONDITIONS = "DEBUG $(inherited)";
				SWIFT_OPTIMIZATION_LEVEL = "-Onone";
			};
			name = Debug;
		};
		5367E8202BD409D400151171 /* Release */ = {
			isa = XCBuildConfiguration;
			buildSettings = {
				ALWAYS_SEARCH_USER_PATHS = NO;
				ASSETCATALOG_COMPILER_GENERATE_SWIFT_ASSET_SYMBOL_EXTENSIONS = YES;
				CLANG_ANALYZER_NONNULL = YES;
				CLANG_ANALYZER_NUMBER_OBJECT_CONVERSION = YES_AGGRESSIVE;
				CLANG_CXX_LANGUAGE_STANDARD = "gnu++20";
				CLANG_ENABLE_MODULES = YES;
				CLANG_ENABLE_OBJC_ARC = YES;
				CLANG_ENABLE_OBJC_WEAK = YES;
				CLANG_WARN_BLOCK_CAPTURE_AUTORELEASING = YES;
				CLANG_WARN_BOOL_CONVERSION = YES;
				CLANG_WARN_COMMA = YES;
				CLANG_WARN_CONSTANT_CONVERSION = YES;
				CLANG_WARN_DEPRECATED_OBJC_IMPLEMENTATIONS = YES;
				CLANG_WARN_DIRECT_OBJC_ISA_USAGE = YES_ERROR;
				CLANG_WARN_DOCUMENTATION_COMMENTS = YES;
				CLANG_WARN_EMPTY_BODY = YES;
				CLANG_WARN_ENUM_CONVERSION = YES;
				CLANG_WARN_INFINITE_RECURSION = YES;
				CLANG_WARN_INT_CONVERSION = YES;
				CLANG_WARN_NON_LITERAL_NULL_CONVERSION = YES;
				CLANG_WARN_OBJC_IMPLICIT_RETAIN_SELF = YES;
				CLANG_WARN_OBJC_LITERAL_CONVERSION = YES;
				CLANG_WARN_OBJC_ROOT_CLASS = YES_ERROR;
				CLANG_WARN_QUOTED_INCLUDE_IN_FRAMEWORK_HEADER = YES;
				CLANG_WARN_RANGE_LOOP_ANALYSIS = YES;
				CLANG_WARN_STRICT_PROTOTYPES = YES;
				CLANG_WARN_SUSPICIOUS_MOVE = YES;
				CLANG_WARN_UNGUARDED_AVAILABILITY = YES_AGGRESSIVE;
				CLANG_WARN_UNREACHABLE_CODE = YES;
				CLANG_WARN__DUPLICATE_METHOD_MATCH = YES;
				COPY_PHASE_STRIP = NO;
				DEBUG_INFORMATION_FORMAT = "dwarf-with-dsym";
				ENABLE_NS_ASSERTIONS = NO;
				ENABLE_STRICT_OBJC_MSGSEND = YES;
				ENABLE_USER_SCRIPT_SANDBOXING = YES;
				GCC_C_LANGUAGE_STANDARD = gnu17;
				GCC_NO_COMMON_BLOCKS = YES;
				GCC_WARN_64_TO_32_BIT_CONVERSION = YES;
				GCC_WARN_ABOUT_RETURN_TYPE = YES_ERROR;
				GCC_WARN_UNDECLARED_SELECTOR = YES;
				GCC_WARN_UNINITIALIZED_AUTOS = YES_AGGRESSIVE;
				GCC_WARN_UNUSED_FUNCTION = YES;
				GCC_WARN_UNUSED_VARIABLE = YES;
				LOCALIZATION_PREFERS_STRING_CATALOGS = YES;
				MACOSX_DEPLOYMENT_TARGET = 14.3;
				MTL_ENABLE_DEBUG_INFO = NO;
				MTL_FAST_MATH = YES;
				SDKROOT = macosx;
				SWIFT_COMPILATION_MODE = wholemodule;
			};
			name = Release;
		};
		5367E8222BD409D400151171 /* Debug */ = {
			isa = XCBuildConfiguration;
			buildSettings = {
				ASSETCATALOG_COMPILER_APPICON_NAME = AppIcon;
				ASSETCATALOG_COMPILER_GLOBAL_ACCENT_COLOR_NAME = AccentColor;
				CODE_SIGN_ENTITLEMENTS = YrtOS/YrtOS.entitlements;
				CODE_SIGN_STYLE = Automatic;
				COMBINE_HIDPI_IMAGES = YES;
				CURRENT_PROJECT_VERSION = 1;
				DEVELOPMENT_ASSET_PATHS = "\"YrtOS/Preview Content\"";
				DEVELOPMENT_TEAM = WW8CPWP3TA;
				ENABLE_PREVIEWS = YES;
				GENERATE_INFOPLIST_FILE = YES;
				INFOPLIST_KEY_LSUIElement = YES;
				INFOPLIST_KEY_NSHumanReadableCopyright = "";
				LD_RUNPATH_SEARCH_PATHS = (
					"$(inherited)",
					"@executable_path/../Frameworks",
				);
				MACOSX_DEPLOYMENT_TARGET = 14.0;
				MARKETING_VERSION = 1.0;
				PRODUCT_BUNDLE_IDENTIFIER = app.yrt.YrtOS;
				PRODUCT_NAME = "$(TARGET_NAME)";
				SWIFT_EMIT_LOC_STRINGS = YES;
				SWIFT_VERSION = 5.0;
			};
			name = Debug;
		};
		5367E8232BD409D400151171 /* Release */ = {
			isa = XCBuildConfiguration;
			buildSettings = {
				ASSETCATALOG_COMPILER_APPICON_NAME = AppIcon;
				ASSETCATALOG_COMPILER_GLOBAL_ACCENT_COLOR_NAME = AccentColor;
				CODE_SIGN_ENTITLEMENTS = YrtOS/YrtOS.entitlements;
				CODE_SIGN_STYLE = Automatic;
				COMBINE_HIDPI_IMAGES = YES;
				CURRENT_PROJECT_VERSION = 1;
				DEVELOPMENT_ASSET_PATHS = "\"YrtOS/Preview Content\"";
				DEVELOPMENT_TEAM = WW8CPWP3TA;
				ENABLE_PREVIEWS = YES;
				GENERATE_INFOPLIST_FILE = YES;
				INFOPLIST_KEY_LSUIElement = YES;
				INFOPLIST_KEY_NSHumanReadableCopyright = "";
				LD_RUNPATH_SEARCH_PATHS = (
					"$(inherited)",
					"@executable_path/../Frameworks",
				);
				MACOSX_DEPLOYMENT_TARGET = 14.0;
				MARKETING_VERSION = 1.0;
				PRODUCT_BUNDLE_IDENTIFIER = app.yrt.YrtOS;
				PRODUCT_NAME = "$(TARGET_NAME)";
				SWIFT_EMIT_LOC_STRINGS = YES;
				SWIFT_VERSION = 5.0;
			};
			name = Release;
		};
		5367E8252BD409D400151171 /* Debug */ = {
			isa = XCBuildConfiguration;
			buildSettings = {
				ALWAYS_EMBED_SWIFT_STANDARD_LIBRARIES = YES;
				BUNDLE_LOADER = "$(TEST_HOST)";
				CODE_SIGN_STYLE = Automatic;
				CURRENT_PROJECT_VERSION = 1;
				GENERATE_INFOPLIST_FILE = YES;
				MACOSX_DEPLOYMENT_TARGET = 14.0;
				MARKETING_VERSION = 1.0;
				PRODUCT_BUNDLE_IDENTIFIER = app.yrt.YrtOSTests;
				PRODUCT_NAME = "$(TARGET_NAME)";
				SWIFT_EMIT_LOC_STRINGS = NO;
				SWIFT_VERSION = 5.0;
				TEST_HOST = "$(BUILT_PRODUCTS_DIR)/YrtOS.app/$(BUNDLE_EXECUTABLE_FOLDER_PATH)/YrtOS";
			};
			name = Debug;
		};
		5367E8262BD409D400151171 /* Release */ = {
			isa = XCBuildConfiguration;
			buildSettings = {
				ALWAYS_EMBED_SWIFT_STANDARD_LIBRARIES = YES;
				BUNDLE_LOADER = "$(TEST_HOST)";
				CODE_SIGN_STYLE = Automatic;
				CURRENT_PROJECT_VERSION = 1;
				GENERATE_INFOPLIST_FILE = YES;
				MACOSX_DEPLOYMENT_TARGET = 14.0;
				MARKETING_VERSION = 1.0;
				PRODUCT_BUNDLE_IDENTIFIER = app.yrt.YrtOSTests;
				PRODUCT_NAME = "$(TARGET_NAME)";
				SWIFT_EMIT_LOC_STRINGS = NO;
				SWIFT_VERSION = 5.0;
				TEST_HOST = "$(BUILT_PRODUCTS_DIR)/YrtOS.app/$(BUNDLE_EXECUTABLE_FOLDER_PATH)/YrtOS";
			};
			name = Release;
		};
		5367E8282BD409D400151171 /* Debug */ = {
			isa = XCBuildConfiguration;
			buildSettings = {
				ALWAYS_EMBED_SWIFT_STANDARD_LIBRARIES = YES;
				CODE_SIGN_STYLE = Automatic;
				CURRENT_PROJECT_VERSION = 1;
				GENERATE_INFOPLIST_FILE = YES;
				MARKETING_VERSION = 1.0;
				PRODUCT_BUNDLE_IDENTIFIER = app.yrt.YrtOSUITests;
				PRODUCT_NAME = "$(TARGET_NAME)";
				SWIFT_EMIT_LOC_STRINGS = NO;
				SWIFT_VERSION = 5.0;
				TEST_TARGET_NAME = YrtOS;
			};
			name = Debug;
		};
		5367E8292BD409D400151171 /* Release */ = {
			isa = XCBuildConfiguration;
			buildSettings = {
				ALWAYS_EMBED_SWIFT_STANDARD_LIBRARIES = YES;
				CODE_SIGN_STYLE = Automatic;
				CURRENT_PROJECT_VERSION = 1;
				GENERATE_INFOPLIST_FILE = YES;
				MARKETING_VERSION = 1.0;
				PRODUCT_BUNDLE_IDENTIFIER = app.yrt.YrtOSUITests;
				PRODUCT_NAME = "$(TARGET_NAME)";
				SWIFT_EMIT_LOC_STRINGS = NO;
				SWIFT_VERSION = 5.0;
				TEST_TARGET_NAME = YrtOS;
			};
			name = Release;
		};
/* End XCBuildConfiguration section */

/* Begin XCConfigurationList section */
		5367E7F52BD409D300151171 /* Build configuration list for PBXProject "YrtOS" */ = {
			isa = XCConfigurationList;
			buildConfigurations = (
				5367E81F2BD409D400151171 /* Debug */,
				5367E8202BD409D400151171 /* Release */,
			);
			defaultConfigurationIsVisible = 0;
			defaultConfigurationName = Release;
		};
		5367E8212BD409D400151171 /* Build configuration list for PBXNativeTarget "YrtOS" */ = {
			isa = XCConfigurationList;
			buildConfigurations = (
				5367E8222BD409D400151171 /* Debug */,
				5367E8232BD409D400151171 /* Release */,
			);
			defaultConfigurationIsVisible = 0;
			defaultConfigurationName = Release;
		};
		5367E8242BD409D400151171 /* Build configuration list for PBXNativeTarget "YrtOSTests" */ = {
			isa = XCConfigurationList;
			buildConfigurations = (
				5367E8252BD409D400151171 /* Debug */,
				5367E8262BD409D400151171 /* Release */,
			);
			defaultConfigurationIsVisible = 0;
			defaultConfigurationName = Release;
		};
		5367E8272BD409D400151171 /* Build configuration list for PBXNativeTarget "YrtOSUITests" */ = {
			isa = XCConfigurationList;
			buildConfigurations = (
				5367E8282BD409D400151171 /* Debug */,
				5367E8292BD409D400151171 /* Release */,
			);
			defaultConfigurationIsVisible = 0;
			defaultConfigurationName = Release;
		};
/* End XCConfigurationList section */
	};
	rootObject = 5367E7F22BD409D300151171 /* Project object */;
}
